
Microsoft Visual Studio Solution File, Format Version 12.00
# Visual Studio Version 17
VisualStudioVersion = 17.4.33205.214
MinimumVisualStudioVersion = 10.0.40219.1
Project("{FAE04EC0-301F-11D3-BF4B-00C04F79EFBC}") = "masterbidapi", "masterbidapi\masterbidapi.csproj", "{243FEF9E-0D03-42EF-9A7A-7521786E06DE}"
EndProject
Global
	GlobalSection(SolutionConfigurationPlatforms) = preSolution
		Debug|Any CPU = Debug|Any CPU
		Release|Any CPU = Release|Any CPU
	EndGlobalSection
	GlobalSection(ProjectConfigurationPlatforms) = postSolution
		{243FEF9E-0D03-42EF-9A7A-7521786E06DE}.Debug|Any CPU.ActiveCfg = Debug|Any CPU
		{243FEF9E-0D03-42EF-9A7A-7521786E06DE}.Debug|Any CPU.Build.0 = Debug|Any CPU
		{243FEF9E-0D03-42EF-9A7A-7521786E06DE}.Release|Any CPU.ActiveCfg = Release|Any CPU
		{243FEF9E-0D03-42EF-9A7A-7521786E06DE}.Release|Any CPU.Build.0 = Release|Any CPU
	EndGlobalSection
	GlobalSection(SolutionProperties) = preSolution
		HideSolutionNode = FALSE
	EndGlobalSection
	GlobalSection(ExtensibilityGlobals) = postSolution
		SolutionGuid = {CBE16310-E542-4BED-8373-9E4A8E87FF82}
	EndGlobalSection
EndGlobal
